---
lockfileVersion: '9.0'

importers:

  .:
    configDependencies: {}
    packageManagerDependencies:
      pnpm:
        specifier: 12.10.0
        version: 12.10.0

packages:

  '@pnpm/exe.android-arm64@12.10.0':
    resolution: {integrity: sha512-QMMRzOI/7CU4xLbKY6O2BZn3VI4+a8LLyim18H7it8llBWuBPMqDqUURE8045k+7lI8/lI2/tElhyKptEviKDQ==}
    cpu: [arm64]
    os: [android]

  '@pnpm/exe.android-x64@12.10.0':
    resolution: {integrity: sha512-41zwlROW+t523Nfqo4rWp8IPiSK5vnAWrnCey26Je45rX1SMNc4ABY7OFmPw41/t+Y0CE+4tjTj+0s9YGqPM5w==}
    cpu: [x64]
    os: [android]

  '@pnpm/exe.darwin-arm64@12.10.0':
    resolution: {integrity: sha512-L+r7AD8Fjf8Vcc4ZRJl+Pjzc27CIeQ/FiRwPmOluFO2UcXubmGHdW+OuMUxrU0vkoXiGR61Ft0RtaPwTRY4W/g==}
    cpu: [arm64]
    os: [darwin]

  '@pnpm/exe.darwin-x64@12.10.0':
    resolution: {integrity: sha512-/TCF1K6E+4PnbkLgqGS1Iqlf5bHp6FDzuXgu6++PMMAFkF7Yk5EF3BcfG1gYYjpkvlJBccvVMsRBnWFbSyqu1w==}
    cpu: [x64]
    os: [darwin]

  '@pnpm/exe.freebsd-x64@12.10.0':
    resolution: {integrity: sha512-k7/WFA91E2qhnR/2EOEv402U8bjP758y2pybbdiB5Hrd4KhgviVOJp5cFrXpKgd8HZJs/RZN7cdmMvU2Q2BVgg==}
    cpu: [x64]
    os: [freebsd]

  '@pnpm/exe.linux-arm64-musl@12.10.0':
    resolution: {integrity: sha512-ChD8bN0lRCRaL+CMOaMUgZQ4WHzEkDXmDHrZgXgdoo6yymQKKzr66Ic7Sl/D7Ky1cVUcFEzHjlq4fGDJwt6Lqg==}
    cpu: [arm64]
    os: [linux]
    libc: [musl]

  '@pnpm/exe.linux-arm64@12.10.0':
    resolution: {integrity: sha512-egl5RUSQFh7kETBdmMhaTuaQKP1pjH6Cxq370zgpFFKJXF+GGkIzK+jLNazrjX9pKIWF3iqn7kUeyP6yKxzBoA==}
    cpu: [arm64]
    os: [linux]
    libc: [glibc]

  '@pnpm/exe.linux-ppc64@12.10.0':
    resolution: {integrity: sha512-YJ6bEZ+stPpv71CGfGQQeyIpMx/zSMEcAXQzG+rjBtzVfyNsxYciRevhJ+PE9b2qKqN78Mh/1tOMmx9ly4VXGw==}
    cpu: [ppc64]
    os: [linux]
    libc: [glibc]

  '@pnpm/exe.linux-riscv64@12.10.0':
    resolution: {integrity: sha512-njfd4euctC1zH1nVBbm6+r1c+0y/TtgqN523rk/KMSxqItpV5QAVa9Yz48Rt5DOIKmuLq7xXOhsQodBlbTk3pw==}
    cpu: [riscv64]
    os: [linux]
    libc: [glibc]

  '@pnpm/exe.linux-s390x@12.10.0':
    resolution: {integrity: sha512-4JI2F8pYGMcsG6ny61OiBSvZeDozc64TbPozbTU2X5uCsaFCsCvcpr/WwyypwCv+/mNjcIhaKhlxpwJYsnteIg==}
    cpu: [s390x]
    os: [linux]
    libc: [glibc]

  '@pnpm/exe.linux-x64-musl@12.10.0':
    resolution: {integrity: sha512-xayd2iG8ugdvjlGeOvsfm+iSe0bFu9RTX3/8HWOLAQmHdbLKi4hPbxP0S4c9tj8pNej/IxVBQLJksRXFlhNjPw==}
    cpu: [x64]
    os: [linux]
    libc: [musl]

  '@pnpm/exe.linux-x64@12.10.0':
    resolution: {integrity: sha512-PFkzWEghFLKuocxMHtn57mlJ59f5aBbqjX6FCUtiunEHqxTxOibSduQPs3Llm6VWbAXBjD3VrX29Z+bjU1Dpyw==}
    cpu: [x64]
    os: [linux]
    libc: [glibc]

  '@pnpm/exe.win32-arm64@12.10.0':
    resolution: {integrity: sha512-0HtTS+TLONWd/dNSczyOkK0UeZ36cbdhC/2ljZ61DPhvc4jTb7ur0yU47On0in7Im3yXwzTY4vtF8ykrDwc+NQ==}
    cpu: [arm64]
    os: [win32]

  '@pnpm/exe.win32-x64@12.10.0':
    resolution: {integrity: sha512-IcW3rehTGzJ7YnmHEWnbnJakjbBmnH0r29qiajK9+6b9psMF9IjocFr0dyitRVSfXxyW/FI5PIK3mOswGoyFTg==}
    cpu: [x64]
    os: [win32]

  pnpm@12.10.0:
    resolution: {integrity: sha512-Eip7bd+dQCaLwNsal4CJm5Xk+out/Ke9RQYVrYz3wmWfX1acIO18U4hrx7CNDVClT0rVBwaEf1aC7GxQSEFlOQ==}
    engines: {node: '>=18.*'}
    hasBin: true

snapshots:

  '@pnpm/exe.android-arm64@12.10.0':
    optional: true

  '@pnpm/exe.android-x64@12.10.0':
    optional: true

  '@pnpm/exe.darwin-arm64@12.10.0':
    optional: true

  '@pnpm/exe.darwin-x64@12.10.0':
    optional: true

  '@pnpm/exe.freebsd-x64@12.10.0':
    optional: true

  '@pnpm/exe.linux-arm64-musl@12.10.0':
    optional: true

  '@pnpm/exe.linux-arm64@12.10.0':
    optional: true

  '@pnpm/exe.linux-ppc64@12.10.0':
    optional: true

  '@pnpm/exe.linux-riscv64@12.10.0':
    optional: true

  '@pnpm/exe.linux-s390x@12.10.0':
    optional: true

  '@pnpm/exe.linux-x64-musl@12.10.0':
    optional: true

  '@pnpm/exe.linux-x64@12.10.0':
    optional: true

  '@pnpm/exe.win32-arm64@12.10.0':
    optional: true

  '@pnpm/exe.win32-x64@12.10.0':
    optional: true

  pnpm@12.10.0:
    optionalDependencies:
      '@pnpm/exe.android-arm64': 12.10.0
      '@pnpm/exe.android-x64': 12.10.0
      '@pnpm/exe.darwin-arm64': 12.10.0
      '@pnpm/exe.darwin-x64': 12.10.0
      '@pnpm/exe.freebsd-x64': 12.10.0
      '@pnpm/exe.linux-arm64': 12.10.0
      '@pnpm/exe.linux-arm64-musl': 12.10.0
      '@pnpm/exe.linux-ppc64': 12.10.0
      '@pnpm/exe.linux-riscv64': 12.10.0
      '@pnpm/exe.linux-s390x': 12.10.0
      '@pnpm/exe.linux-x64': 12.10.0
      '@pnpm/exe.linux-x64-musl': 12.10.0
      '@pnpm/exe.win32-arm64': 12.10.0
      '@pnpm/exe.win32-x64': 12.10.0

---
lockfileVersion: '9.0'

settings:
  autoInstallPeers: true
  excludeLinksFromLockfile: false

importers:

  .:
    devDependencies:
      husky:
        specifier: 9.1.7
        version: 9.1.7
      lint-staged:
        specifier: 17.6.0
        version: 17.6.0
      prettier:
        specifier: 3.9.9
        version: 3.9.9
      prettier-plugin-packagejson:
        specifier: 3.0.2
        version: 3.0.2(prettier@3.9.9)

packages:

  detect-indent@7.0.2:
    resolution: {integrity: sha512-y+8xyqdGLL+6sh0tVeHcfP/QDd8gUgbasolJJpY7NgeQGSZ739bDtSiaiDgtoicy+mtYB81dKLxO9xRhCyIB3A==}
    engines: {node: '>=12.20'}

  detect-newline@4.0.1:
    resolution: {integrity: sha512-qE3Veg1YXzGHQhlA6jzebZN2qVf6NX+A7m7qlhCGG30dJixrAQhYOsJjsnBjJkCSmuOPpCk30145fr8FV0bzog==}
    engines: {node: ^12.20.0 || ^14.13.1 || >=16.0.0}

  fdir@6.5.0:
    resolution: {integrity: sha512-tIbYtZbucOs0BRGqPJkshJUYdL+SDH7dVM8gjy+ERp3WAUjLEFJE+02kanyHtwjWOnwrKYBiwAmM0p4kLJAnXg==}
    engines: {node: '>=12.0.0'}
    peerDependencies:
      picomatch: ^3 || ^4
    peerDependenciesMeta:
      picomatch:
        optional: true

  git-hooks-list@4.2.1:
    resolution: {integrity: sha512-WNvqJjOxxs/8ZP9+DWdwWJ7cDsd60NHf39XnD82pDVrKO5q7xfPqpkK6hwEAmBa/ZSEE4IOoR75EzbbIuwGlMw==}

  husky@9.1.7:
    resolution: {integrity: sha512-5gs5ytaNjBrh5Ow3zrvdUUY+0VxIuWVL4i9irt6friV+BqdCfmV11CQTWMiBYWHbXhco+J1kHfTOUkePhCDvMA==}
    engines: {node: '>=18'}
    hasBin: true

  is-plain-obj@4.1.0:
    resolution: {integrity: sha512-+Pgi+vMuUNkJyExiMBt5IlFoMyKnr5zhJ4Uspz58WOhBF5QoIZkFyNHIbBAtHwzVAgk5RtndVNsDRN61/mmDqg==}
    engines: {node: '>=12'}

  lint-staged@17.6.0:
    resolution: {integrity: sha512-nOhBfYkZEwkFtNzD5pK9s9LkcWoxJ+whLzEnhqi9nl7zTB5n7tg8+9iYgMGx2Wm3VlLu8cbNj0RACzY+nWi5iQ==}
    engines: {node: '>=22.22.1'}
    hasBin: true

  picomatch@4.0.7:
    resolution: {integrity: sha512-qcJu88Q2IWqJsDD529JKMdwGm/dvInW4HvQnRwiH9JtihJvzGOscDtHE3x1pBKeUOTysQ8kVmLnJ2kJu7yhcGA==}
    engines: {node: '>=12'}

  prettier-plugin-packagejson@3.0.2:
    resolution: {integrity: sha512-kmoj3hEynXwoHDo8ZhmWAIjRBoQWCDUVackiWfSDWdgD0rS3LGB61T9zoVbume/cotYdCoadUh4sqViAmXvpBQ==}
    peerDependencies:
      prettier: ^3
    peerDependenciesMeta:
      prettier:
        optional: true

  prettier@3.9.9:
    resolution: {integrity: sha512-Z/CJHIkdujO/OtN7nXUii0Rf3VT5SRuhjBA82Xvu2XhBUgX3nhP67T0LHceBdQLex7OOFGTox+Q5Yg8Jk2Qivg==}
    engines: {node: '>=14'}
    hasBin: true

  semver@7.8.5:
    resolution: {integrity: sha512-Y7/KDsb8LjooZpwaqGyulO6DQlksgCncchHGk+sZIY4SBvUocMBEFH5Ur1fI4dV+Jvl0w6cjvucaIi40puRioA==}
    engines: {node: '>=10'}
    hasBin: true

  sort-object-keys@2.1.0:
    resolution: {integrity: sha512-SOiEnthkJKPv2L6ec6HMwhUcN0/lppkeYuN1x63PbyPRrgSPIuBJCiYxYyvWRTtjMlOi14vQUCGUJqS6PLVm8g==}

  sort-package-json@3.6.0:
    resolution: {integrity: sha512-fyJsPLhWvY7u2KsKPZn1PixbXp+1m7V8NWqU8CvgFRbMEX41Ffw1kD8n0CfJiGoaSfoAvbrqRRl/DcHO8omQOQ==}
    engines: {node: '>=20'}
    hasBin: true

  string-argv@0.3.2:
    resolution: {integrity: sha512-aqD2Q0144Z+/RqG52NeHEkZauTAUWJO8c6yTftGJKO3Tja5tUgIfmIl6kExvhtxSDP7fXB6DvzkfMpCd/F3G+Q==}
    engines: {node: '>=0.6.19'}

  tinyexec@1.3.1:
    resolution: {integrity: sha512-GCvB3aoys96IuDFBMcTB46JOR6mdMtAToqwiW8JlWhsoh1mhHi/xn9ss/Dg7N555GiJyEt2qzoG/NHCwM6h1EA==}
    engines: {node: '>=18'}

  tinyglobby@0.2.17:
    resolution: {integrity: sha512-wXR/dYpcqKmfWpEdZjiKJOwCNFndD0DMnrW/cYjVGttEkBfVgcLFHoNrlj47mjOVic9yyNu65alsgF4NQyTa2g==}
    engines: {node: '>=12.0.0'}

  yaml@2.9.1:
    resolution: {integrity: sha512-3NxN8+78OdzbT7C/WjGsyfPAtJaN3FNDsWxv7Y7mcDsT/oOmgW8BpyQQFFBnvZE3j9Y2Sdz1ULFLezL7Eb2yFw==}
    engines: {node: '>= 14.6'}
    hasBin: true

snapshots:

  detect-indent@7.0.2: {}

  detect-newline@4.0.1: {}

  fdir@6.5.0(picomatch@4.0.7):
    optionalDependencies:
      picomatch: 4.0.7

  git-hooks-list@4.2.1: {}

  husky@9.1.7: {}

  is-plain-obj@4.1.0: {}

  lint-staged@17.6.0:
    dependencies:
      picomatch: 4.0.7
      string-argv: 0.3.2
      tinyexec: 1.3.1
    optionalDependencies:
      yaml: 2.9.1

  picomatch@4.0.7: {}

  prettier-plugin-packagejson@3.0.2(prettier@3.9.9):
    dependencies:
      sort-package-json: 3.6.0
    optionalDependencies:
      prettier: 3.9.9

  prettier@3.9.9: {}

  semver@7.8.5: {}

  sort-object-keys@2.1.0: {}

  sort-package-json@3.6.0:
    dependencies:
      detect-indent: 7.0.2
      detect-newline: 4.0.1
      git-hooks-list: 4.2.1
      is-plain-obj: 4.1.0
      semver: 7.8.5
      sort-object-keys: 2.1.0
      tinyglobby: 0.2.17

  string-argv@0.3.2: {}

  tinyexec@1.3.1: {}

  tinyglobby@0.2.17:
    dependencies:
      fdir: 6.5.0(picomatch@4.0.7)
      picomatch: 4.0.7

  yaml@2.9.1:
    optional: true
